
Microsoft Visual Studio Solution File, Format Version 12.00
# Visual Studio 14
VisualStudioVersion = 14.0.23107.0
MinimumVisualStudioVersion = 10.0.40219.1
Project("{FAE04EC0-301F-11D3-BF4B-00C04F79EFBC}") = "Logica.Negocio", "Logica.Negocio\Logica.Negocio.csproj", "{E06AF3D3-8086-4746-83F0-79C866448F11}"
EndProject
Project("{FAE04EC0-301F-11D3-BF4B-00C04F79EFBC}") = "Calculadora.Tests", "Calculadora.Tests\Calculadora.Tests.csproj", "{EBF90AE9-D1CC-4858-96F6-060165488FE2}"
EndProject
Global
	GlobalSection(SolutionConfigurationPlatforms) = preSolution
		Debug|Any CPU = Debug|Any CPU
		Debug|ARM = Debug|ARM
		Debug|x64 = Debug|x64
		Debug|x86 = Debug|x86
		Release|Any CPU = Release|Any CPU
		Release|ARM = Release|ARM
		Release|x64 = Release|x64
		Release|x86 = Release|x86
	EndGlobalSection
	GlobalSection(ProjectConfigurationPlatforms) = postSolution
		{E06AF3D3-8086-4746-83F0-79C866448F11}.Debug|Any CPU.ActiveCfg = Debug|Any CPU
		{E06AF3D3-8086-4746-83F0-79C866448F11}.Debug|Any CPU.Build.0 = Debug|Any CPU
		{E06AF3D3-8086-4746-83F0-79C866448F11}.Debug|ARM.ActiveCfg = Debug|Any CPU
		{E06AF3D3-8086-4746-83F0-79C866448F11}.Debug|ARM.Build.0 = Debug|Any CPU
		{E06AF3D3-8086-4746-83F0-79C866448F11}.Debug|x64.ActiveCfg = Debug|Any CPU
		{E06AF3D3-8086-4746-83F0-79C866448F11}.Debug|x64.Build.0 = Debug|Any CPU
		{E06AF3D3-8086-4746-83F0-79C866448F11}.Debug|x86.ActiveCfg = Debug|Any CPU
		{E06AF3D3-8086-4746-83F0-79C866448F11}.Debug|x86.Build.0 = Debug|Any CPU
		{E06AF3D3-8086-4746-83F0-79C866448F11}.Release|Any CPU.ActiveCfg = Release|Any CPU
		{E06AF3D3-8086-4746-83F0-79C866448F11}.Release|Any CPU.Build.0 = Release|Any CPU
		{E06AF3D3-8086-4746-83F0-79C866448F11}.Release|ARM.ActiveCfg = Release|Any CPU
		{E06AF3D3-8086-4746-83F0-79C866448F11}.Release|ARM.Build.0 = Release|Any CPU
		{E06AF3D3-8086-4746-83F0-79C866448F11}.Release|x64.ActiveCfg = Release|Any CPU
		{E06AF3D3-8086-4746-83F0-79C866448F11}.Release|x64.Build.0 = Release|Any CPU
		{E06AF3D3-8086-4746-83F0-79C866448F11}.Release|x86.ActiveCfg = Release|Any CPU
		{E06AF3D3-8086-4746-83F0-79C866448F11}.Release|x86.Build.0 = Release|Any CPU
		{EBF90AE9-D1CC-4858-96F6-060165488FE2}.Debug|Any CPU.ActiveCfg = Debug|Any CPU
		{EBF90AE9-D1CC-4858-96F6-060165488FE2}.Debug|Any CPU.Build.0 = Debug|Any CPU
		{EBF90AE9-D1CC-4858-96F6-060165488FE2}.Debug|ARM.ActiveCfg = Debug|Any CPU
		{EBF90AE9-D1CC-4858-96F6-060165488FE2}.Debug|ARM.Build.0 = Debug|Any CPU
		{EBF90AE9-D1CC-4858-96F6-060165488FE2}.Debug|x64.ActiveCfg = Debug|Any CPU
		{EBF90AE9-D1CC-4858-96F6-060165488FE2}.Debug|x64.Build.0 = Debug|Any CPU
		{EBF90AE9-D1CC-4858-96F6-060165488FE2}.Debug|x86.ActiveCfg = Debug|Any CPU
		{EBF90AE9-D1CC-4858-96F6-060165488FE2}.Debug|x86.Build.0 = Debug|Any CPU
		{EBF90AE9-D1CC-4858-96F6-060165488FE2}.Release|Any CPU.ActiveCfg = Release|Any CPU
		{EBF90AE9-D1CC-4858-96F6-060165488FE2}.Release|Any CPU.Build.0 = Release|Any CPU
		{EBF90AE9-D1CC-4858-96F6-060165488FE2}.Release|ARM.ActiveCfg = Release|Any CPU
		{EBF90AE9-D1CC-4858-96F6-060165488FE2}.Release|ARM.Build.0 = Release|Any CPU
		{EBF90AE9-D1CC-4858-96F6-060165488FE2}.Release|x64.ActiveCfg = Release|Any CPU
		{EBF90AE9-D1CC-4858-96F6-060165488FE2}.Release|x64.Build.0 = Release|Any CPU
		{EBF90AE9-D1CC-4858-96F6-060165488FE2}.Release|x86.ActiveCfg = Release|Any CPU
		{EBF90AE9-D1CC-4858-96F6-060165488FE2}.Release|x86.Build.0 = Release|Any CPU
	EndGlobalSection
	GlobalSection(SolutionProperties) = preSolution
		HideSolutionNode = FALSE
	EndGlobalSection
EndGlobal
